
Microsoft Visual Studio Solution File, Format Version 12.00
# Visual Studio Version 17
VisualStudioVersion = 17.3.32929.385
MinimumVisualStudioVersion = 10.0.40219.1
Project("{FAE04EC0-301F-11D3-BF4B-00C04F79EFBC}") = "XAMLProyect", "XAMLProyect\XAMLProyect.csproj", "{0FB079F4-FBFB-41E1-9FEC-5397A578716F}"
EndProject
Global
	GlobalSection(SolutionConfigurationPlatforms) = preSolution
		Debug|Any CPU = Debug|Any CPU
		Release|Any CPU = Release|Any CPU
	EndGlobalSection
	GlobalSection(ProjectConfigurationPlatforms) = postSolution
		{0FB079F4-FBFB-41E1-9FEC-5397A578716F}.Debug|Any CPU.ActiveCfg = Debug|Any CPU
		{0FB079F4-FBFB-41E1-9FEC-5397A578716F}.Debug|Any CPU.Build.0 = Debug|Any CPU
		{0FB079F4-FBFB-41E1-9FEC-5397A578716F}.Release|Any CPU.ActiveCfg = Release|Any CPU
		{0FB079F4-FBFB-41E1-9FEC-5397A578716F}.Release|Any CPU.Build.0 = Release|Any CPU
	EndGlobalSection
	GlobalSection(SolutionProperties) = preSolution
		HideSolutionNode = FALSE
	EndGlobalSection
	GlobalSection(ExtensibilityGlobals) = postSolution
		SolutionGuid = {D3B8B2A0-5DF1-45F1-BD33-EC92E8225E2F}
	EndGlobalSection
EndGlobal
